
Microsoft Visual Studio Solution File, Format Version 12.00
# Visual Studio Version 17
VisualStudioVersion = 17.14.36109.1 d17.14
MinimumVisualStudioVersion = 10.0.40219.1
Project("{FAE04EC0-301F-11D3-BF4B-00C04F79EFBC}") = "RPGEngine", "RPGEngine.csproj", "{8022D8C1-75A9-43D6-B977-4D5811BD48EE}"
EndProject
Global
	GlobalSection(SolutionConfigurationPlatforms) = preSolution
		Debug|Any CPU = Debug|Any CPU
		Release|Any CPU = Release|Any CPU
	EndGlobalSection
	GlobalSection(ProjectConfigurationPlatforms) = postSolution
		{8022D8C1-75A9-43D6-B977-4D5811BD48EE}.Debug|Any CPU.ActiveCfg = Debug|Any CPU
		{8022D8C1-75A9-43D6-B977-4D5811BD48EE}.Debug|Any CPU.Build.0 = Debug|Any CPU
		{8022D8C1-75A9-43D6-B977-4D5811BD48EE}.Release|Any CPU.ActiveCfg = Release|Any CPU
		{8022D8C1-75A9-43D6-B977-4D5811BD48EE}.Release|Any CPU.Build.0 = Release|Any CPU
	EndGlobalSection
	GlobalSection(SolutionProperties) = preSolution
		HideSolutionNode = FALSE
	EndGlobalSection
	GlobalSection(ExtensibilityGlobals) = postSolution
		SolutionGuid = {F47E90AF-0DA2-4650-9BF5-B034C84925A3}
	EndGlobalSection
EndGlobal
